%{"distillery": {:hex, :distillery, "1.5.2", "eec18b2d37b55b0bcb670cf2bcf64228ed38ce8b046bb30a9b636a6f5a4c0080", [:mix], []},
  "edeliver": {:hex, :edeliver, "1.4.4", "f019e1e8839e22dd868d3871be0ba4cd1424e4330f31891762298932eba9c8eb", [:mix], [{:distillery, ">= 0.8.0", [hex: :distillery, optional: true]}, {:exrm, ">= 0.16.0", [hex: :exrm, optional: true]}]},
  "logger_file_backend": {:hex, :logger_file_backend, "0.0.10", "876f9f84ae110781207c54321ffbb62bebe02946fe3c13f0d7c5f5d8ad4fa910", [:mix], []}}
